# This file is generated by running "yarn install" inside your project.
# Manual changes might be lost - proceed with caution!

__metadata:
  version: 6
  cacheKey: 8

"@babel/runtime@npm:^7.17.2, @babel/runtime@npm:^7.21.0, @babel/runtime@npm:^7.5.5, @babel/runtime@npm:^7.6.3, @babel/runtime@npm:^7.8.7":
  version: 7.21.0
  resolution: "@babel/runtime@npm:7.21.0"
  dependencies:
    regenerator-runtime: ^0.13.11
  checksum: 7b33e25bfa9e0e1b9e8828bb61b2d32bdd46b41b07ba7cb43319ad08efc6fda8eb89445193e67d6541814627df0ca59122c0ea795e412b99c5183a0540d338ab
  languageName: node
  linkType: hard

"@popperjs/core@npm:^2.11.6":
  version: 2.11.6
  resolution: "@popperjs/core@npm:2.11.6"
  checksum: 47fb328cec1924559d759b48235c78574f2d71a8a6c4c03edb6de5d7074078371633b91e39bbf3f901b32aa8af9b9d8f82834856d2f5737a23475036b16817f0
  languageName: node
  linkType: hard

"@react-aria/ssr@npm:^3.5.0":
  version: 3.5.0
  resolution: "@react-aria/ssr@npm:3.5.0"
  dependencies:
    "@swc/helpers": ^0.4.14
  peerDependencies:
    react: ^16.8.0 || ^17.0.0-rc.1 || ^18.0.0
  checksum: 3287fe756ff458a3ce46ba0fabe2ede349bff0b232cce30aab0f50afa1c0ac7604809d229b8b19a62a5116cf12bc8099d2c9c72335126499c55c794dd3419dbd
  languageName: node
  linkType: hard

"@restart/hooks@npm:^0.4.6, @restart/hooks@npm:^0.4.9":
  version: 0.4.9
  resolution: "@restart/hooks@npm:0.4.9"
  dependencies:
    dequal: ^2.0.2
  peerDependencies:
    react: ">=16.8.0"
  checksum: 2481b21ee984328f41134d94c23b244aff0b82091b9ae6252b9ec9408634bed13473e2e74959c898a198b88602521a021f1c1b9683d52cf0878fea6e0f2b47df
  languageName: node
  linkType: hard

"@restart/ui@npm:^1.4.1":
  version: 1.6.2
  resolution: "@restart/ui@npm:1.6.2"
  dependencies:
    "@babel/runtime": ^7.21.0
    "@popperjs/core": ^2.11.6
    "@react-aria/ssr": ^3.5.0
    "@restart/hooks": ^0.4.9
    "@types/warning": ^3.0.0
    dequal: ^2.0.3
    dom-helpers: ^5.2.0
    uncontrollable: ^8.0.0
    warning: ^4.0.3
  peerDependencies:
    react: ">=16.14.0"
    react-dom: ">=16.14.0"
  checksum: 599c71cf1fb13c0effd2cf9055d1cd8f0af32b42ab38ce134b644202aace0abf537e6e8213914dff25fc0fe3366c102d53700e47ebe6ed056e61f44027208136
  languageName: node
  linkType: hard

"@swc/helpers@npm:^0.4.14":
  version: 0.4.14
  resolution: "@swc/helpers@npm:0.4.14"
  dependencies:
    tslib: ^2.4.0
  checksum: 273fd3f3fc461a92f3790cc551ea054745c6d6959afbe1232e6d7aa1c722bbc114d308aab96bef5c78fc0303c85c7b472ef00e2253251cc89737f3b1af56e5a5
  languageName: node
  linkType: hard

"@types/prop-types@npm:*":
  version: 15.7.5
  resolution: "@types/prop-types@npm:15.7.5"
  checksum: 5b43b8b15415e1f298243165f1d44390403bb2bd42e662bca3b5b5633fdd39c938e91b7fce3a9483699db0f7a715d08cef220c121f723a634972fdf596aec980
  languageName: node
  linkType: hard

"@types/react-transition-group@npm:^4.4.4":
  version: 4.4.5
  resolution: "@types/react-transition-group@npm:4.4.5"
  dependencies:
    "@types/react": "*"
  checksum: 265f1c74061556708ffe8d15559e35c60d6c11478c9950d3735575d2c116ca69f461d85effa06d73a613eb8b73c84fd32682feb57cf7c5f9e4284021dbca25b0
  languageName: node
  linkType: hard

"@types/react@npm:*, @types/react@npm:>=16.9.11, @types/react@npm:>=18.0.28":
  version: 18.0.28
  resolution: "@types/react@npm:18.0.28"
  dependencies:
    "@types/prop-types": "*"
    "@types/scheduler": "*"
    csstype: ^3.0.2
  checksum: e752df961105e5127652460504785897ca6e77259e0da8f233f694f9e8f451cde7fa0709d4456ade0ff600c8ce909cfe29f9b08b9c247fa9b734e126ec53edd7
  languageName: node
  linkType: hard

"@types/scheduler@npm:*":
  version: 0.16.2
  resolution: "@types/scheduler@npm:0.16.2"
  checksum: b6b4dcfeae6deba2e06a70941860fb1435730576d3689225a421280b7742318d1548b3d22c1f66ab68e414f346a9542f29240bc955b6332c5b11e561077583bc
  languageName: node
  linkType: hard

"@types/warning@npm:^3.0.0":
  version: 3.0.0
  resolution: "@types/warning@npm:3.0.0"
  checksum: 120dcf90600d583c68a60872200061eab9318ae15ea898581f8e9a6dc71b7941095dd81d8324e36d2a6006e5e12b6fc1cf8eda00cc514ee12bb39a912cc4e040
  languageName: node
  linkType: hard

"Portfolio@workspace:.":
  version: 0.0.0-use.local
  resolution: "Portfolio@workspace:."
  dependencies:
    bootstrap: ^5.2.3
    react-bootstrap: ^2.7.2
  languageName: unknown
  linkType: soft

"bootstrap@npm:^5.2.3":
  version: 5.2.3
  resolution: "bootstrap@npm:5.2.3"
  peerDependencies:
    "@popperjs/core": ^2.11.6
  checksum: 0211805dec6a190c0911d142966df30fdb4b4139a04cc6c23dd83c6045ea3cb0a966b360ab2e701e7b3ad96ff01e05fdc0914be97b41bd876b11e457a8bdc6a3
  languageName: node
  linkType: hard

"classnames@npm:^2.3.1":
  version: 2.3.2
  resolution: "classnames@npm:2.3.2"
  checksum: 2c62199789618d95545c872787137262e741f9db13328e216b093eea91c85ef2bfb152c1f9e63027204e2559a006a92eb74147d46c800a9f96297ae1d9f96f4e
  languageName: node
  linkType: hard

"csstype@npm:^3.0.2":
  version: 3.1.1
  resolution: "csstype@npm:3.1.1"
  checksum: 1f7b4f5fdd955b7444b18ebdddf3f5c699159f13e9cf8ac9027ae4a60ae226aef9bbb14a6e12ca7dba3358b007cee6354b116e720262867c398de6c955ea451d
  languageName: node
  linkType: hard

"dequal@npm:^2.0.2, dequal@npm:^2.0.3":
  version: 2.0.3
  resolution: "dequal@npm:2.0.3"
  checksum: 8679b850e1a3d0ebbc46ee780d5df7b478c23f335887464023a631d1b9af051ad4a6595a44220f9ff8ff95a8ddccf019b5ad778a976fd7bbf77383d36f412f90
  languageName: node
  linkType: hard

"dom-helpers@npm:^5.0.1, dom-helpers@npm:^5.2.0, dom-helpers@npm:^5.2.1":
  version: 5.2.1
  resolution: "dom-helpers@npm:5.2.1"
  dependencies:
    "@babel/runtime": ^7.8.7
    csstype: ^3.0.2
  checksum: 863ba9e086f7093df3376b43e74ce4422571d404fc9828bf2c56140963d5edf0e56160f9b2f3bb61b282c07f8fc8134f023c98fd684bddcb12daf7b0f14d951c
  languageName: node
  linkType: hard

"invariant@npm:^2.2.4":
  version: 2.2.4
  resolution: "invariant@npm:2.2.4"
  dependencies:
    loose-envify: ^1.0.0
  checksum: cc3182d793aad82a8d1f0af697b462939cb46066ec48bbf1707c150ad5fad6406137e91a262022c269702e01621f35ef60269f6c0d7fd178487959809acdfb14
  languageName: node
  linkType: hard

"js-tokens@npm:^3.0.0 || ^4.0.0":
  version: 4.0.0
  resolution: "js-tokens@npm:4.0.0"
  checksum: 8a95213a5a77deb6cbe94d86340e8d9ace2b93bc367790b260101d2f36a2eaf4e4e22d9fa9cf459b38af3a32fb4190e638024cf82ec95ef708680e405ea7cc78
  languageName: node
  linkType: hard

"loose-envify@npm:^1.0.0, loose-envify@npm:^1.4.0":
  version: 1.4.0
  resolution: "loose-envify@npm:1.4.0"
  dependencies:
    js-tokens: ^3.0.0 || ^4.0.0
  bin:
    loose-envify: cli.js
  checksum: 6517e24e0cad87ec9888f500c5b5947032cdfe6ef65e1c1936a0c48a524b81e65542c9c3edc91c97d5bddc806ee2a985dbc79be89215d613b1de5db6d1cfe6f4
  languageName: node
  linkType: hard

"object-assign@npm:^4.1.1":
  version: 4.1.1
  resolution: "object-assign@npm:4.1.1"
  checksum: fcc6e4ea8c7fe48abfbb552578b1c53e0d194086e2e6bbbf59e0a536381a292f39943c6e9628af05b5528aa5e3318bb30d6b2e53cadaf5b8fe9e12c4b69af23f
  languageName: node
  linkType: hard

"prop-types-extra@npm:^1.1.0":
  version: 1.1.1
  resolution: "prop-types-extra@npm:1.1.1"
  dependencies:
    react-is: ^16.3.2
    warning: ^4.0.0
  peerDependencies:
    react: ">=0.14.0"
  checksum: ebf1c048687bb538457f91a3610abb36ca0f50587a6afae80443a9e65b9db96882d18c3511175a8967fad4ca5dcd804913bbc241d7b5160c74cf69aacdd054f0
  languageName: node
  linkType: hard

"prop-types@npm:^15.6.2, prop-types@npm:^15.8.1":
  version: 15.8.1
  resolution: "prop-types@npm:15.8.1"
  dependencies:
    loose-envify: ^1.4.0
    object-assign: ^4.1.1
    react-is: ^16.13.1
  checksum: c056d3f1c057cb7ff8344c645450e14f088a915d078dcda795041765047fa080d38e5d626560ccaac94a4e16e3aa15f3557c1a9a8d1174530955e992c675e459
  languageName: node
  linkType: hard

"react-bootstrap@npm:^2.7.2":
  version: 2.7.2
  resolution: "react-bootstrap@npm:2.7.2"
  dependencies:
    "@babel/runtime": ^7.17.2
    "@restart/hooks": ^0.4.6
    "@restart/ui": ^1.4.1
    "@types/react-transition-group": ^4.4.4
    classnames: ^2.3.1
    dom-helpers: ^5.2.1
    invariant: ^2.2.4
    prop-types: ^15.8.1
    prop-types-extra: ^1.1.0
    react-transition-group: ^4.4.2
    uncontrollable: ^7.2.1
    warning: ^4.0.3
  peerDependencies:
    "@types/react": ">=16.14.8"
    react: ">=16.14.0"
    react-dom: ">=16.14.0"
  peerDependenciesMeta:
    "@types/react":
      optional: true
  checksum: 656c0c5e44cadf8037a387b489e3928342d71ecd6b3b1aae80e7dc367d88cbe64af0cbba656f07391b9d4a22779a93bb2ff87682de6e5b3ff3e660293e17d27a
  languageName: node
  linkType: hard

"react-is@npm:^16.13.1, react-is@npm:^16.3.2":
  version: 16.13.1
  resolution: "react-is@npm:16.13.1"
  checksum: f7a19ac3496de32ca9ae12aa030f00f14a3d45374f1ceca0af707c831b2a6098ef0d6bdae51bd437b0a306d7f01d4677fcc8de7c0d331eb47ad0f46130e53c5f
  languageName: node
  linkType: hard

"react-lifecycles-compat@npm:^3.0.4":
  version: 3.0.4
  resolution: "react-lifecycles-compat@npm:3.0.4"
  checksum: a904b0fc0a8eeb15a148c9feb7bc17cec7ef96e71188280061fc340043fd6d8ee3ff233381f0e8f95c1cf926210b2c4a31f38182c8f35ac55057e453d6df204f
  languageName: node
  linkType: hard

"react-transition-group@npm:^4.4.2":
  version: 4.4.5
  resolution: "react-transition-group@npm:4.4.5"
  dependencies:
    "@babel/runtime": ^7.5.5
    dom-helpers: ^5.0.1
    loose-envify: ^1.4.0
    prop-types: ^15.6.2
  peerDependencies:
    react: ">=16.6.0"
    react-dom: ">=16.6.0"
  checksum: 75602840106aa9c6545149d6d7ae1502fb7b7abadcce70a6954c4b64a438ff1cd16fc77a0a1e5197cdd72da398f39eb929ea06f9005c45b132ed34e056ebdeb1
  languageName: node
  linkType: hard

"regenerator-runtime@npm:^0.13.11":
  version: 0.13.11
  resolution: "regenerator-runtime@npm:0.13.11"
  checksum: 27481628d22a1c4e3ff551096a683b424242a216fee44685467307f14d58020af1e19660bf2e26064de946bad7eff28950eae9f8209d55723e2d9351e632bbb4
  languageName: node
  linkType: hard

"tslib@npm:^2.4.0":
  version: 2.5.0
  resolution: "tslib@npm:2.5.0"
  checksum: ae3ed5f9ce29932d049908ebfdf21b3a003a85653a9a140d614da6b767a93ef94f460e52c3d787f0e4f383546981713f165037dc2274df212ea9f8a4541004e1
  languageName: node
  linkType: hard

"uncontrollable@npm:^7.2.1":
  version: 7.2.1
  resolution: "uncontrollable@npm:7.2.1"
  dependencies:
    "@babel/runtime": ^7.6.3
    "@types/react": ">=16.9.11"
    invariant: ^2.2.4
    react-lifecycles-compat: ^3.0.4
  peerDependencies:
    react: ">=15.0.0"
  checksum: 3345c0c1916193ddb9cc6f2b78711dc9f22b919d780485e15b95690722e9d1797fc702c4ebb30c0acaae6a772b865d0a9ddc83fa1da44958f089aee78f2f5eab
  languageName: node
  linkType: hard

"uncontrollable@npm:^8.0.0":
  version: 8.0.0
  resolution: "uncontrollable@npm:8.0.0"
  dependencies:
    "@types/react": ">=18.0.28"
  peerDependencies:
    react: ">=17.0.0"
  checksum: d46a2e2911f788d7936508a211aadd37580df576be718382afe43b2120a302d2f222853825d6a00968503503d865b28e886842b3b871d75e292fb4a734cdbd37
  languageName: node
  linkType: hard

"warning@npm:^4.0.0, warning@npm:^4.0.3":
  version: 4.0.3
  resolution: "warning@npm:4.0.3"
  dependencies:
    loose-envify: ^1.0.0
  checksum: 4f2cb6a9575e4faf71ddad9ad1ae7a00d0a75d24521c193fa464f30e6b04027bd97aa5d9546b0e13d3a150ab402eda216d59c1d0f2d6ca60124d96cd40dfa35c
  languageName: node
  linkType: hard
